{
  "name": "Sagoon-admin",
  "version": "0.1.0",
  "lockfileVersion": 1,
  "requires": true,
  "dependencies": {
    "react-composite": {
      "version": "1.0.0",
      "resolved": "https://registry.npmjs.org/react-composite/-/react-composite-1.0.0.tgz",
      "integrity": "sha512-naYDh4Xi9NR+ESO8HPySNBx/ZAZ1MGkUm+/Z/TSv5TrerJT31HktytQlNJEVAjCarZU3+KjMx9I7aOnhkU8Ubg=="
    },
    "yarn": {
      "version": "1.22.18",
      "resolved": "https://registry.npmjs.org/yarn/-/yarn-1.22.18.tgz",
      "integrity": "sha512-oFffv6Jp2+BTUBItzx1Z0dpikTX+raRdqupfqzeMKnoh7WD6RuPAxcqDkMUy9vafJkrB0YaV708znpuMhEBKGQ=="
    }
  }
}
